// !$*UTF8*$!
{
	archiveVersion = 1;
	classes = {
	};
	objectVersion = 50;
	objects = {

/* Begin PBXBuildFile section */
		D09F12C2224CABEC00D4B056 /* AppDelegate.swift in Sources */ = {isa = PBXBuildFile; fileRef = D09F12C1224CABEC00D4B056 /* AppDelegate.swift */; };
		D09F12C4224CABEC00D4B056 /* ViewController.swift in Sources */ = {isa = PBXBuildFile; fileRef = D09F12C3224CABEC00D4B056 /* ViewController.swift */; };
		D09F12C7224CABEC00D4B056 /* Main.storyboard in Resources */ = {isa = PBXBuildFile; fileRef = D09F12C5224CABEC00D4B056 /* Main.storyboard */; };
		D09F12C9224CABEE00D4B056 /* Assets.xcassets in Resources */ = {isa = PBXBuildFile; fileRef = D09F12C8224CABEE00D4B056 /* Assets.xcassets */; };
		D09F12CC224CABEE00D4B056 /* LaunchScreen.storyboard in Resources */ = {isa = PBXBuildFile; fileRef = D09F12CA224CABEE00D4B056 /* LaunchScreen.storyboard */; };
		D09F12DB224CAC2700D4B056 /* note2.wav in Resources */ = {isa = PBXBuildFile; fileRef = D09F12D4224CAC2700D4B056 /* note2.wav */; };
		D09F12DC224CAC2700D4B056 /* note5.wav in Resources */ = {isa = PBXBuildFile; fileRef = D09F12D5224CAC2700D4B056 /* note5.wav */; };
		D09F12DD224CAC2700D4B056 /* note7.wav in Resources */ = {isa = PBXBuildFile; fileRef = D09F12D6224CAC2700D4B056 /* note7.wav */; };
		D09F12DE224CAC2700D4B056 /* note6.wav in Resources */ = {isa = PBXBuildFile; fileRef = D09F12D7224CAC2700D4B056 /* note6.wav */; };
		D09F12DF224CAC2700D4B056 /* note4.wav in Resources */ = {isa = PBXBuildFile; fileRef = D09F12D8224CAC2700D4B056 /* note4.wav */; };
		D09F12E0224CAC2700D4B056 /* note3.wav in Resources */ = {isa = PBXBuildFile; fileRef = D09F12D9224CAC2700D4B056 /* note3.wav */; };
		D09F12E1224CAC2700D4B056 /* note1.wav in Resources */ = {isa = PBXBuildFile; fileRef = D09F12DA224CAC2700D4B056 /* note1.wav */; };
		D09F12E4224CB04600D4B056 /* XXII Ultimate-Black-Metal.ttf in Resources */ = {isa = PBXBuildFile; fileRef = D09F12E3224CB04600D4B056 /* XXII Ultimate-Black-Metal.ttf */; };
/* End PBXBuildFile section */

/* Begin PBXFileReference section */
		D09F12BE224CABEC00D4B056 /* Xylophone.app */ = {isa = PBXFileReference; explicitFileType = wrapper.application; includeInIndex = 0; path = Xylophone.app; sourceTree = BUILT_PRODUCTS_DIR; };
		D09F12C1224CABEC00D4B056 /* AppDelegate.swift */ = {isa = PBXFileReference; lastKnownFileType = sourcecode.swift; path = AppDelegate.swift; sourceTree = "<group>"; };
		D09F12C3224CABEC00D4B056 /* ViewController.swift */ = {isa = PBXFileReference; lastKnownFileType = sourcecode.swift; path = ViewController.swift; sourceTree = "<group>"; };
		D09F12C6224CABEC00D4B056 /* Base */ = {isa = PBXFileReference; lastKnownFileType = file.storyboard; name = Base; path = Base.lproj/Main.storyboard; sourceTree = "<group>"; };
		D09F12C8224CABEE00D4B056 /* Assets.xcassets */ = {isa = PBXFileReference; lastKnownFileType = folder.assetcatalog; path = Assets.xcassets; sourceTree = "<group>"; };
		D09F12CB224CABEE00D4B056 /* Base */ = {isa = PBXFileReference; lastKnownFileType = file.storyboard; name = Base; path = Base.lproj/LaunchScreen.storyboard; sourceTree = "<group>"; };
		D09F12CD224CABEE00D4B056 /* Info.plist */ = {isa = PBXFileReference; lastKnownFileType = text.plist.xml; path = Info.plist; sourceTree = "<group>"; };
		D09F12D4224CAC2700D4B056 /* note2.wav */ = {isa = PBXFileReference; lastKnownFileType = audio.wav; path = note2.wav; sourceTree = "<group>"; };
		D09F12D5224CAC2700D4B056 /* note5.wav */ = {isa = PBXFileReference; lastKnownFileType = audio.wav; path = note5.wav; sourceTree = "<group>"; };
		D09F12D6224CAC2700D4B056 /* note7.wav */ = {isa = PBXFileReference; lastKnownFileType = audio.wav; path = note7.wav; sourceTree = "<group>"; };
		D09F12D7224CAC2700D4B056 /* note6.wav */ = {isa = PBXFileReference; lastKnownFileType = audio.wav; path = note6.wav; sourceTree = "<group>"; };
		D09F12D8224CAC2700D4B056 /* note4.wav */ = {isa = PBXFileReference; lastKnownFileType = audio.wav; path = note4.wav; sourceTree = "<group>"; };
		D09F12D9224CAC2700D4B056 /* note3.wav */ = {isa = PBXFileReference; lastKnownFileType = audio.wav; path = note3.wav; sourceTree = "<group>"; };
		D09F12DA224CAC2700D4B056 /* note1.wav */ = {isa = PBXFileReference; lastKnownFileType = audio.wav; path = note1.wav; sourceTree = "<group>"; };
		D09F12E3224CB04600D4B056 /* XXII Ultimate-Black-Metal.ttf */ = {isa = PBXFileReference; lastKnownFileType = file; path = "XXII Ultimate-Black-Metal.ttf"; sourceTree = "<group>"; };
/* End PBXFileReference section */

/* Begin PBXFrameworksBuildPhase section */
		D09F12BB224CABEC00D4B056 /* Frameworks */ = {
			isa = PBXFrameworksBuildPhase;
			buildActionMask = 2147483647;
			files = (
			);
			runOnlyForDeploymentPostprocessing = 0;
		};
/* End PBXFrameworksBuildPhase section */

/* Begin PBXGroup section */
		D09F12B5224CABEC00D4B056 = {
			isa = PBXGroup;
			children = (
				D09F12C0224CABEC00D4B056 /* Xylophone */,
				D09F12BF224CABEC00D4B056 /* Products */,
			);
			sourceTree = "<group>";
		};
		D09F12BF224CABEC00D4B056 /* Products */ = {
			isa = PBXGroup;
			children = (
				D09F12BE224CABEC00D4B056 /* Xylophone.app */,
			);
			name = Products;
			sourceTree = "<group>";
		};
		D09F12C0224CABEC00D4B056 /* Xylophone */ = {
			isa = PBXGroup;
			children = (
				D09F12E2224CB02700D4B056 /* Fonts */,
				D09F12D3224CAC0B00D4B056 /* SoundFiles */,
				D09F12C1224CABEC00D4B056 /* AppDelegate.swift */,
				D09F12C3224CABEC00D4B056 /* ViewController.swift */,
				D09F12C5224CABEC00D4B056 /* Main.storyboard */,
				D09F12C8224CABEE00D4B056 /* Assets.xcassets */,
				D09F12CA224CABEE00D4B056 /* LaunchScreen.storyboard */,
				D09F12CD224CABEE00D4B056 /* Info.plist */,
			);
			path = Xylophone;
			sourceTree = "<group>";
		};
		D09F12D3224CAC0B00D4B056 /* SoundFiles */ = {
			isa = PBXGroup;
			children = (
				D09F12DA224CAC2700D4B056 /* note1.wav */,
				D09F12D4224CAC2700D4B056 /* note2.wav */,
				D09F12D9224CAC2700D4B056 /* note3.wav */,
				D09F12D8224CAC2700D4B056 /* note4.wav */,
				D09F12D5224CAC2700D4B056 /* note5.wav */,
				D09F12D7224CAC2700D4B056 /* note6.wav */,
				D09F12D6224CAC2700D4B056 /* note7.wav */,
			);
			path = SoundFiles;
			sourceTree = "<group>";
		};
		D09F12E2224CB02700D4B056 /* Fonts */ = {
			isa = PBXGroup;
			children = (
				D09F12E3224CB04600D4B056 /* XXII Ultimate-Black-Metal.ttf */,
			);
			path = Fonts;
			sourceTree = "<group>";
		};
/* End PBXGroup section */

/* Begin PBXNativeTarget section */
		D09F12BD224CABEC00D4B056 /* Xylophone */ = {
			isa = PBXNativeTarget;
			buildConfigurationList = D09F12D0224CABEE00D4B056 /* Build configuration list for PBXNativeTarget "Xylophone" */;
			buildPhases = (
				D09F12BA224CABEC00D4B056 /* Sources */,
				D09F12BB224CABEC00D4B056 /* Frameworks */,
				D09F12BC224CABEC00D4B056 /* Resources */,
			);
			buildRules = (
			);
			dependencies = (
			);
			name = Xylophone;
			productName = Xylophone;
			productReference = D09F12BE224CABEC00D4B056 /* Xylophone.app */;
			productType = "com.apple.product-type.application";
		};
/* End PBXNativeTarget section */

/* Begin PBXProject section */
		D09F12B6224CABEC00D4B056 /* Project object */ = {
			isa = PBXProject;
			attributes = {
				LastSwiftUpdateCheck = 1010;
				LastUpgradeCheck = 1010;
				ORGANIZATIONNAME = Excellence;
				TargetAttributes = {
					D09F12BD224CABEC00D4B056 = {
						CreatedOnToolsVersion = 10.1;
					};
				};
			};
			buildConfigurationList = D09F12B9224CABEC00D4B056 /* Build configuration list for PBXProject "Xylophone" */;
			compatibilityVersion = "Xcode 9.3";
			developmentRegion = en;
			hasScannedForEncodings = 0;
			knownRegions = (
				en,
				Base,
			);
			mainGroup = D09F12B5224CABEC00D4B056;
			productRefGroup = D09F12BF224CABEC00D4B056 /* Products */;
			projectDirPath = "";
			projectRoot = "";
			targets = (
				D09F12BD224CABEC00D4B056 /* Xylophone */,
			);
		};
/* End PBXProject section */

/* Begin PBXResourcesBuildPhase section */
		D09F12BC224CABEC00D4B056 /* Resources */ = {
			isa = PBXResourcesBuildPhase;
			buildActionMask = 2147483647;
			files = (
				D09F12E0224CAC2700D4B056 /* note3.wav in Resources */,
				D09F12DD224CAC2700D4B056 /* note7.wav in Resources */,
				D09F12DC224CAC2700D4B056 /* note5.wav in Resources */,
				D09F12CC224CABEE00D4B056 /* LaunchScreen.storyboard in Resources */,
				D09F12DE224CAC2700D4B056 /* note6.wav in Resources */,
				D09F12DB224CAC2700D4B056 /* note2.wav in Resources */,
				D09F12C9224CABEE00D4B056 /* Assets.xcassets in Resources */,
				D09F12C7224CABEC00D4B056 /* Main.storyboard in Resources */,
				D09F12E1224CAC2700D4B056 /* note1.wav in Resources */,
				D09F12E4224CB04600D4B056 /* XXII Ultimate-Black-Metal.ttf in Resources */,
				D09F12DF224CAC2700D4B056 /* note4.wav in Resources */,
			);
			runOnlyForDeploymentPostprocessing = 0;
		};
/* End PBXResourcesBuildPhase section */

/* Begin PBXSourcesBuildPhase section */
		D09F12BA224CABEC00D4B056 /* Sources */ = {
			isa = PBXSourcesBuildPhase;
			buildActionMask = 2147483647;
			files = (
				D09F12C4224CABEC00D4B056 /* ViewController.swift in Sources */,
				D09F12C2224CABEC00D4B056 /* AppDelegate.swift in Sources */,
			);
			runOnlyForDeploymentPostprocessing = 0;
		};
/* End PBXSourcesBuildPhase section */

/* Begin PBXVariantGroup section */
		D09F12C5224CABEC00D4B056 /* Main.storyboard */ = {
			isa = PBXVariantGroup;
			children = (
				D09F12C6224CABEC00D4B056 /* Base */,
			);
			name = Main.storyboard;
			sourceTree = "<group>";
		};
		D09F12CA224CABEE00D4B056 /* LaunchScreen.storyboard */ = {
			isa = PBXVariantGroup;
			children = (
				D09F12CB224CABEE00D4B056 /* Base */,
			);
			name = LaunchScreen.storyboard;
			sourceTree = "<group>";
		};
/* End PBXVariantGroup section */

/* Begin XCBuildConfiguration section */
		D09F12CE224CABEE00D4B056 /* Debug */ = {
			isa = XCBuildConfiguration;
			buildSettings = {
				ALWAYS_SEARCH_USER_PATHS = NO;
				CLANG_ANALYZER_NONNULL = YES;
				CLANG_ANALYZER_NUMBER_OBJECT_CONVERSION = YES_AGGRESSIVE;
				CLANG_CXX_LANGUAGE_STANDARD = "gnu++14";
				CLANG_CXX_LIBRARY = "libc++";
				CLANG_ENABLE_MODULES = YES;
				CLANG_ENABLE_OBJC_ARC = YES;
				CLANG_ENABLE_OBJC_WEAK = YES;
				CLANG_WARN_BLOCK_CAPTURE_AUTORELEASING = YES;
				CLANG_WARN_BOOL_CONVERSION = YES;
				CLANG_WARN_COMMA = YES;
				CLANG_WARN_CONSTANT_CONVERSION = YES;
				CLANG_WARN_DEPRECATED_OBJC_IMPLEMENTATIONS = YES;
				CLANG_WARN_DIRECT_OBJC_ISA_USAGE = YES_ERROR;
				CLANG_WARN_DOCUMENTATION_COMMENTS = YES;
				CLANG_WARN_EMPTY_BODY = YES;
				CLANG_WARN_ENUM_CONVERSION = YES;
				CLANG_WARN_INFINITE_RECURSION = YES;
				CLANG_WARN_INT_CONVERSION = YES;
				CLANG_WARN_NON_LITERAL_NULL_CONVERSION = YES;
				CLANG_WARN_OBJC_IMPLICIT_RETAIN_SELF = YES;
				CLANG_WARN_OBJC_LITERAL_CONVERSION = YES;
				CLANG_WARN_OBJC_ROOT_CLASS = YES_ERROR;
				CLANG_WARN_RANGE_LOOP_ANALYSIS = YES;
				CLANG_WARN_STRICT_PROTOTYPES = YES;
				CLANG_WARN_SUSPICIOUS_MOVE = YES;
				CLANG_WARN_UNGUARDED_AVAILABILITY = YES_AGGRESSIVE;
				CLANG_WARN_UNREACHABLE_CODE = YES;
				CLANG_WARN__DUPLICATE_METHOD_MATCH = YES;
				CODE_SIGN_IDENTITY = "iPhone Developer";
				COPY_PHASE_STRIP = NO;
				DEBUG_INFORMATION_FORMAT = dwarf;
				ENABLE_STRICT_OBJC_MSGSEND = YES;
				ENABLE_TESTABILITY = YES;
				GCC_C_LANGUAGE_STANDARD = gnu11;
				GCC_DYNAMIC_NO_PIC = NO;
				GCC_NO_COMMON_BLOCKS = YES;
				GCC_OPTIMIZATION_LEVEL = 0;
				GCC_PREPROCESSOR_DEFINITIONS = (
					"DEBUG=1",
					"$(inherited)",
				);
				GCC_WARN_64_TO_32_BIT_CONVERSION = YES;
				GCC_WARN_ABOUT_RETURN_TYPE = YES_ERROR;
				GCC_WARN_UNDECLARED_SELECTOR = YES;
				GCC_WARN_UNINITIALIZED_AUTOS = YES_AGGRESSIVE;
				GCC_WARN_UNUSED_FUNCTION = YES;
				GCC_WARN_UNUSED_VARIABLE = YES;
				IPHONEOS_DEPLOYMENT_TARGET = 12.1;
				MTL_ENABLE_DEBUG_INFO = INCLUDE_SOURCE;
				MTL_FAST_MATH = YES;
				ONLY_ACTIVE_ARCH = YES;
				SDKROOT = iphoneos;
				SWIFT_ACTIVE_COMPILATION_CONDITIONS = DEBUG;
				SWIFT_OPTIMIZATION_LEVEL = "-Onone";
			};
			name = Debug;
		};
		D09F12CF224CABEE00D4B056 /* Release */ = {
			isa = XCBuildConfiguration;
			buildSettings = {
				ALWAYS_SEARCH_USER_PATHS = NO;
				CLANG_ANALYZER_NONNULL = YES;
				CLANG_ANALYZER_NUMBER_OBJECT_CONVERSION = YES_AGGRESSIVE;
				CLANG_CXX_LANGUAGE_STANDARD = "gnu++14";
				CLANG_CXX_LIBRARY = "libc++";
				CLANG_ENABLE_MODULES = YES;
				CLANG_ENABLE_OBJC_ARC = YES;
				CLANG_ENABLE_OBJC_WEAK = YES;
				CLANG_WARN_BLOCK_CAPTURE_AUTORELEASING = YES;
				CLANG_WARN_BOOL_CONVERSION = YES;
				CLANG_WARN_COMMA = YES;
				CLANG_WARN_CONSTANT_CONVERSION = YES;
				CLANG_WARN_DEPRECATED_OBJC_IMPLEMENTATIONS = YES;
				CLANG_WARN_DIRECT_OBJC_ISA_USAGE = YES_ERROR;
				CLANG_WARN_DOCUMENTATION_COMMENTS = YES;
				CLANG_WARN_EMPTY_BODY = YES;
				CLANG_WARN_ENUM_CONVERSION = YES;
				CLANG_WARN_INFINITE_RECURSION = YES;
				CLANG_WARN_INT_CONVERSION = YES;
				CLANG_WARN_NON_LITERAL_NULL_CONVERSION = YES;
				CLANG_WARN_OBJC_IMPLICIT_RETAIN_SELF = YES;
				CLANG_WARN_OBJC_LITERAL_CONVERSION = YES;
				CLANG_WARN_OBJC_ROOT_CLASS = YES_ERROR;
				CLANG_WARN_RANGE_LOOP_ANALYSIS = YES;
				CLANG_WARN_STRICT_PROTOTYPES = YES;
				CLANG_WARN_SUSPICIOUS_MOVE = YES;
				CLANG_WARN_UNGUARDED_AVAILABILITY = YES_AGGRESSIVE;
				CLANG_WARN_UNREACHABLE_CODE = YES;
				CLANG_WARN__DUPLICATE_METHOD_MATCH = YES;
				CODE_SIGN_IDENTITY = "iPhone Developer";
				COPY_PHASE_STRIP = NO;
				DEBUG_INFORMATION_FORMAT = "dwarf-with-dsym";
				ENABLE_NS_ASSERTIONS = NO;
				ENABLE_STRICT_OBJC_MSGSEND = YES;
				GCC_C_LANGUAGE_STANDARD = gnu11;
				GCC_NO_COMMON_BLOCKS = YES;
				GCC_WARN_64_TO_32_BIT_CONVERSION = YES;
				GCC_WARN_ABOUT_RETURN_TYPE = YES_ERROR;
				GCC_WARN_UNDECLARED_SELECTOR = YES;
				GCC_WARN_UNINITIALIZED_AUTOS = YES_AGGRESSIVE;
				GCC_WARN_UNUSED_FUNCTION = YES;
				GCC_WARN_UNUSED_VARIABLE = YES;
				IPHONEOS_DEPLOYMENT_TARGET = 12.1;
				MTL_ENABLE_DEBUG_INFO = NO;
				MTL_FAST_MATH = YES;
				SDKROOT = iphoneos;
				SWIFT_COMPILATION_MODE = wholemodule;
				SWIFT_OPTIMIZATION_LEVEL = "-O";
				VALIDATE_PRODUCT = YES;
			};
			name = Release;
		};
		D09F12D1224CABEE00D4B056 /* Debug */ = {
			isa = XCBuildConfiguration;
			buildSettings = {
				ASSETCATALOG_COMPILER_APPICON_NAME = AppIcon;
				CODE_SIGN_STYLE = Automatic;
				DEVELOPMENT_TEAM = 3LP6667S74;
				INFOPLIST_FILE = Xylophone/Info.plist;
				LD_RUNPATH_SEARCH_PATHS = (
					"$(inherited)",
					"@executable_path/Frameworks",
				);
				PRODUCT_BUNDLE_IDENTIFIER = Excellence.Xylophone;
				PRODUCT_NAME = "$(TARGET_NAME)";
				SWIFT_VERSION = 4.2;
				TARGETED_DEVICE_FAMILY = "1,2";
			};
			name = Debug;
		};
		D09F12D2224CABEE00D4B056 /* Release */ = {
			isa = XCBuildConfiguration;
			buildSettings = {
				ASSETCATALOG_COMPILER_APPICON_NAME = AppIcon;
				CODE_SIGN_STYLE = Automatic;
				DEVELOPMENT_TEAM = 3LP6667S74;
				INFOPLIST_FILE = Xylophone/Info.plist;
				LD_RUNPATH_SEARCH_PATHS = (
					"$(inherited)",
					"@executable_path/Frameworks",
				);
				PRODUCT_BUNDLE_IDENTIFIER = Excellence.Xylophone;
				PRODUCT_NAME = "$(TARGET_NAME)";
				SWIFT_VERSION = 4.2;
				TARGETED_DEVICE_FAMILY = "1,2";
			};
			name = Release;
		};
/* End XCBuildConfiguration section */

/* Begin XCConfigurationList section */
		D09F12B9224CABEC00D4B056 /* Build configuration list for PBXProject "Xylophone" */ = {
			isa = XCConfigurationList;
			buildConfigurations = (
				D09F12CE224CABEE00D4B056 /* Debug */,
				D09F12CF224CABEE00D4B056 /* Release */,
			);
			defaultConfigurationIsVisible = 0;
			defaultConfigurationName = Release;
		};
		D09F12D0224CABEE00D4B056 /* Build configuration list for PBXNativeTarget "Xylophone" */ = {
			isa = XCConfigurationList;
			buildConfigurations = (
				D09F12D1224CABEE00D4B056 /* Debug */,
				D09F12D2224CABEE00D4B056 /* Release */,
			);
			defaultConfigurationIsVisible = 0;
			defaultConfigurationName = Release;
		};
/* End XCConfigurationList section */
	};
	rootObject = D09F12B6224CABEC00D4B056 /* Project object */;
}
